
Microsoft Visual Studio Solution File, Format Version 12.00
# Visual Studio Version 17
VisualStudioVersion = 17.9.34728.123
MinimumVisualStudioVersion = 10.0.40219.1
Project("{FAE04EC0-301F-11D3-BF4B-00C04F79EFBC}") = "KarmaShop", "KarmaShop.csproj", "{228DC1C8-D431-4B76-B941-0B8A8462A0CA}"
EndProject
Global
	GlobalSection(SolutionConfigurationPlatforms) = preSolution
		Debug|Any CPU = Debug|Any CPU
		Release|Any CPU = Release|Any CPU
	EndGlobalSection
	GlobalSection(ProjectConfigurationPlatforms) = postSolution
		{228DC1C8-D431-4B76-B941-0B8A8462A0CA}.Debug|Any CPU.ActiveCfg = Debug|Any CPU
		{228DC1C8-D431-4B76-B941-0B8A8462A0CA}.Debug|Any CPU.Build.0 = Debug|Any CPU
		{228DC1C8-D431-4B76-B941-0B8A8462A0CA}.Release|Any CPU.ActiveCfg = Release|Any CPU
		{228DC1C8-D431-4B76-B941-0B8A8462A0CA}.Release|Any CPU.Build.0 = Release|Any CPU
	EndGlobalSection
	GlobalSection(SolutionProperties) = preSolution
		HideSolutionNode = FALSE
	EndGlobalSection
	GlobalSection(ExtensibilityGlobals) = postSolution
		SolutionGuid = {345796C0-845D-49D9-B313-582DD3564C48}
	EndGlobalSection
EndGlobal
